
Microsoft Visual Studio Solution File, Format Version 12.00
# Visual Studio 15
Project("{FAE04EC0-301F-11D3-BF4B-00C04F79EFBC}") = "Assembly-CSharp", "Assembly-CSharp.csproj", "{CBC4A129-0A69-D25D-B966-8DBAABE0A5A8}"
EndProject
Project("{FAE04EC0-301F-11D3-BF4B-00C04F79EFBC}") = "Assembly-CSharp-Editor-firstpass", "Assembly-CSharp-Editor-firstpass.csproj", "{AB52798F-861C-6105-64CD-71B7CCEF1671}"
EndProject
Project("{FAE04EC0-301F-11D3-BF4B-00C04F79EFBC}") = "Assembly-CSharp-Editor", "Assembly-CSharp-Editor.csproj", "{77D37CE1-6291-E575-3C96-18F73B75541E}"
EndProject
Global
	GlobalSection(SolutionConfigurationPlatforms) = preSolution
		Debug|Any CPU = Debug|Any CPU
		Release|Any CPU = Release|Any CPU
	EndGlobalSection
	GlobalSection(ProjectConfigurationPlatforms) = postSolution
		{CBC4A129-0A69-D25D-B966-8DBAABE0A5A8}.Debug|Any CPU.ActiveCfg = Debug|Any CPU
		{CBC4A129-0A69-D25D-B966-8DBAABE0A5A8}.Debug|Any CPU.Build.0 = Debug|Any CPU
		{CBC4A129-0A69-D25D-B966-8DBAABE0A5A8}.Release|Any CPU.ActiveCfg = Release|Any CPU
		{CBC4A129-0A69-D25D-B966-8DBAABE0A5A8}.Release|Any CPU.Build.0 = Release|Any CPU
		{AB52798F-861C-6105-64CD-71B7CCEF1671}.Debug|Any CPU.ActiveCfg = Debug|Any CPU
		{AB52798F-861C-6105-64CD-71B7CCEF1671}.Debug|Any CPU.Build.0 = Debug|Any CPU
		{AB52798F-861C-6105-64CD-71B7CCEF1671}.Release|Any CPU.ActiveCfg = Release|Any CPU
		{AB52798F-861C-6105-64CD-71B7CCEF1671}.Release|Any CPU.Build.0 = Release|Any CPU
		{77D37CE1-6291-E575-3C96-18F73B75541E}.Debug|Any CPU.ActiveCfg = Debug|Any CPU
		{77D37CE1-6291-E575-3C96-18F73B75541E}.Debug|Any CPU.Build.0 = Debug|Any CPU
		{77D37CE1-6291-E575-3C96-18F73B75541E}.Release|Any CPU.ActiveCfg = Release|Any CPU
		{77D37CE1-6291-E575-3C96-18F73B75541E}.Release|Any CPU.Build.0 = Release|Any CPU
	EndGlobalSection
	GlobalSection(SolutionProperties) = preSolution
		HideSolutionNode = FALSE
	EndGlobalSection
EndGlobal
