
Microsoft Visual Studio Solution File, Format Version 11.00
# Visual Studio 2010
Project("{FAE04EC0-301F-11D3-BF4B-00C04F79EFBC}") = "Assembly-CSharp", "Assembly-CSharp.csproj", "{3C8BDB2A-6531-D4B2-35C3-B1299738D640}"
EndProject
Global
	GlobalSection(SolutionConfigurationPlatforms) = preSolution
		Debug|Any CPU = Debug|Any CPU
		Release|Any CPU = Release|Any CPU
	EndGlobalSection
	GlobalSection(ProjectConfigurationPlatforms) = postSolution
		{3C8BDB2A-6531-D4B2-35C3-B1299738D640}.Debug|Any CPU.ActiveCfg = Debug|Any CPU
		{3C8BDB2A-6531-D4B2-35C3-B1299738D640}.Debug|Any CPU.Build.0 = Debug|Any CPU
		{3C8BDB2A-6531-D4B2-35C3-B1299738D640}.Release|Any CPU.ActiveCfg = Release|Any CPU
		{3C8BDB2A-6531-D4B2-35C3-B1299738D640}.Release|Any CPU.Build.0 = Release|Any CPU
	EndGlobalSection
	GlobalSection(SolutionProperties) = preSolution
		HideSolutionNode = FALSE
	EndGlobalSection
EndGlobal
